// !$*UTF8*$!
{
	archiveVersion = 1;
	classes = {
	};
	objectVersion = 50;
	objects = {

/* Begin PBXBuildFile section */
		6CF9FBEE25F4F688007DD577 /* SwiftUI_TabView_TUTApp.swift in Sources */ = {isa = PBXBuildFile; fileRef = 6CF9FBED25F4F688007DD577 /* SwiftUI_TabView_TUTApp.swift */; };
		6CF9FBF025F4F688007DD577 /* ContentView.swift in Sources */ = {isa = PBXBuildFile; fileRef = 6CF9FBEF25F4F688007DD577 /* ContentView.swift */; };
		6CF9FBF225F4F68E007DD577 /* Assets.xcassets in Resources */ = {isa = PBXBuildFile; fileRef = 6CF9FBF125F4F68E007DD577 /* Assets.xcassets */; };
		6CF9FBF525F4F68E007DD577 /* Preview Assets.xcassets in Resources */ = {isa = PBXBuildFile; fileRef = 6CF9FBF425F4F68E007DD577 /* Preview Assets.xcassets */; };
		6CF9FBFE25F4F732007DD577 /* GreenTapView.swift in Sources */ = {isa = PBXBuildFile; fileRef = 6CF9FBFD25F4F732007DD577 /* GreenTapView.swift */; };
		6CF9FC0125F4F7A4007DD577 /* redTabView.swift in Sources */ = {isa = PBXBuildFile; fileRef = 6CF9FC0025F4F7A4007DD577 /* redTabView.swift */; };
		6CF9FC0425F4F7AD007DD577 /* blueTabView.swift in Sources */ = {isa = PBXBuildFile; fileRef = 6CF9FC0325F4F7AD007DD577 /* blueTabView.swift */; };
/* End PBXBuildFile section */

/* Begin PBXFileReference section */
		6CF9FBEA25F4F688007DD577 /* SwiftUI_TabView_TUT.app */ = {isa = PBXFileReference; explicitFileType = wrapper.application; includeInIndex = 0; path = SwiftUI_TabView_TUT.app; sourceTree = BUILT_PRODUCTS_DIR; };
		6CF9FBED25F4F688007DD577 /* SwiftUI_TabView_TUTApp.swift */ = {isa = PBXFileReference; lastKnownFileType = sourcecode.swift; path = SwiftUI_TabView_TUTApp.swift; sourceTree = "<group>"; };
		6CF9FBEF25F4F688007DD577 /* ContentView.swift */ = {isa = PBXFileReference; lastKnownFileType = sourcecode.swift; path = ContentView.swift; sourceTree = "<group>"; };
		6CF9FBF125F4F68E007DD577 /* Assets.xcassets */ = {isa = PBXFileReference; lastKnownFileType = folder.assetcatalog; path = Assets.xcassets; sourceTree = "<group>"; };
		6CF9FBF425F4F68E007DD577 /* Preview Assets.xcassets */ = {isa = PBXFileReference; lastKnownFileType = folder.assetcatalog; path = "Preview Assets.xcassets"; sourceTree = "<group>"; };
		6CF9FBF625F4F68E007DD577 /* Info.plist */ = {isa = PBXFileReference; lastKnownFileType = text.plist.xml; path = Info.plist; sourceTree = "<group>"; };
		6CF9FBFD25F4F732007DD577 /* GreenTapView.swift */ = {isa = PBXFileReference; lastKnownFileType = sourcecode.swift; path = GreenTapView.swift; sourceTree = "<group>"; };
		6CF9FC0025F4F7A4007DD577 /* redTabView.swift */ = {isa = PBXFileReference; lastKnownFileType = sourcecode.swift; path = redTabView.swift; sourceTree = "<group>"; };
		6CF9FC0325F4F7AD007DD577 /* blueTabView.swift */ = {isa = PBXFileReference; lastKnownFileType = sourcecode.swift; path = blueTabView.swift; sourceTree = "<group>"; };
/* End PBXFileReference section */

/* Begin PBXFrameworksBuildPhase section */
		6CF9FBE725F4F688007DD577 /* Frameworks */ = {
			isa = PBXFrameworksBuildPhase;
			buildActionMask = 2147483647;
			files = (
			);
			runOnlyForDeploymentPostprocessing = 0;
		};
/* End PBXFrameworksBuildPhase section */

/* Begin PBXGroup section */
		6CF9FBE125F4F688007DD577 = {
			isa = PBXGroup;
			children = (
				6CF9FBEC25F4F688007DD577 /* SwiftUI_TabView_TUT */,
				6CF9FBEB25F4F688007DD577 /* Products */,
			);
			sourceTree = "<group>";
		};
		6CF9FBEB25F4F688007DD577 /* Products */ = {
			isa = PBXGroup;
			children = (
				6CF9FBEA25F4F688007DD577 /* SwiftUI_TabView_TUT.app */,
			);
			name = Products;
			sourceTree = "<group>";
		};
		6CF9FBEC25F4F688007DD577 /* SwiftUI_TabView_TUT */ = {
			isa = PBXGroup;
			children = (
				6CF9FBED25F4F688007DD577 /* SwiftUI_TabView_TUTApp.swift */,
				6CF9FBEF25F4F688007DD577 /* ContentView.swift */,
				6CF9FBFD25F4F732007DD577 /* GreenTapView.swift */,
				6CF9FC0025F4F7A4007DD577 /* redTabView.swift */,
				6CF9FC0325F4F7AD007DD577 /* blueTabView.swift */,
				6CF9FBF125F4F68E007DD577 /* Assets.xcassets */,
				6CF9FBF625F4F68E007DD577 /* Info.plist */,
				6CF9FBF325F4F68E007DD577 /* Preview Content */,
			);
			path = SwiftUI_TabView_TUT;
			sourceTree = "<group>";
		};
		6CF9FBF325F4F68E007DD577 /* Preview Content */ = {
			isa = PBXGroup;
			children = (
				6CF9FBF425F4F68E007DD577 /* Preview Assets.xcassets */,
			);
			path = "Preview Content";
			sourceTree = "<group>";
		};
/* End PBXGroup section */

/* Begin PBXNativeTarget section */
		6CF9FBE925F4F688007DD577 /* SwiftUI_TabView_TUT */ = {
			isa = PBXNativeTarget;
			buildConfigurationList = 6CF9FBF925F4F68E007DD577 /* Build configuration list for PBXNativeTarget "SwiftUI_TabView_TUT" */;
			buildPhases = (
				6CF9FBE625F4F688007DD577 /* Sources */,
				6CF9FBE725F4F688007DD577 /* Frameworks */,
				6CF9FBE825F4F688007DD577 /* Resources */,
			);
			buildRules = (
			);
			dependencies = (
			);
			name = SwiftUI_TabView_TUT;
			productName = SwiftUI_TabView_TUT;
			productReference = 6CF9FBEA25F4F688007DD577 /* SwiftUI_TabView_TUT.app */;
			productType = "com.apple.product-type.application";
		};
/* End PBXNativeTarget section */

/* Begin PBXProject section */
		6CF9FBE225F4F688007DD577 /* Project object */ = {
			isa = PBXProject;
			attributes = {
				LastSwiftUpdateCheck = 1230;
				LastUpgradeCheck = 1230;
				TargetAttributes = {
					6CF9FBE925F4F688007DD577 = {
						CreatedOnToolsVersion = 12.3;
					};
				};
			};
			buildConfigurationList = 6CF9FBE525F4F688007DD577 /* Build configuration list for PBXProject "SwiftUI_TabView_TUT" */;
			compatibilityVersion = "Xcode 9.3";
			developmentRegion = en;
			hasScannedForEncodings = 0;
			knownRegions = (
				en,
				Base,
			);
			mainGroup = 6CF9FBE125F4F688007DD577;
			productRefGroup = 6CF9FBEB25F4F688007DD577 /* Products */;
			projectDirPath = "";
			projectRoot = "";
			targets = (
				6CF9FBE925F4F688007DD577 /* SwiftUI_TabView_TUT */,
			);
		};
/* End PBXProject section */

/* Begin PBXResourcesBuildPhase section */
		6CF9FBE825F4F688007DD577 /* Resources */ = {
			isa = PBXResourcesBuildPhase;
			buildActionMask = 2147483647;
			files = (
				6CF9FBF525F4F68E007DD577 /* Preview Assets.xcassets in Resources */,
				6CF9FBF225F4F68E007DD577 /* Assets.xcassets in Resources */,
			);
			runOnlyForDeploymentPostprocessing = 0;
		};
/* End PBXResourcesBuildPhase section */

/* Begin PBXSourcesBuildPhase section */
		6CF9FBE625F4F688007DD577 /* Sources */ = {
			isa = PBXSourcesBuildPhase;
			buildActionMask = 2147483647;
			files = (
				6CF9FC0125F4F7A4007DD577 /* redTabView.swift in Sources */,
				6CF9FBF025F4F688007DD577 /* ContentView.swift in Sources */,
				6CF9FBEE25F4F688007DD577 /* SwiftUI_TabView_TUTApp.swift in Sources */,
				6CF9FC0425F4F7AD007DD577 /* blueTabView.swift in Sources */,
				6CF9FBFE25F4F732007DD577 /* GreenTapView.swift in Sources */,
			);
			runOnlyForDeploymentPostprocessing = 0;
		};
/* End PBXSourcesBuildPhase section */

/* Begin XCBuildConfiguration section */
		6CF9FBF725F4F68E007DD577 /* Debug */ = {
			isa = XCBuildConfiguration;
			buildSettings = {
				ALWAYS_SEARCH_USER_PATHS = NO;
				CLANG_ANALYZER_NONNULL = YES;
				CLANG_ANALYZER_NUMBER_OBJECT_CONVERSION = YES_AGGRESSIVE;
				CLANG_CXX_LANGUAGE_STANDARD = "gnu++14";
				CLANG_CXX_LIBRARY = "libc++";
				CLANG_ENABLE_MODULES = YES;
				CLANG_ENABLE_OBJC_ARC = YES;
				CLANG_ENABLE_OBJC_WEAK = YES;
				CLANG_WARN_BLOCK_CAPTURE_AUTORELEASING = YES;
				CLANG_WARN_BOOL_CONVERSION = YES;
				CLANG_WARN_COMMA = YES;
				CLANG_WARN_CONSTANT_CONVERSION = YES;
				CLANG_WARN_DEPRECATED_OBJC_IMPLEMENTATIONS = YES;
				CLANG_WARN_DIRECT_OBJC_ISA_USAGE = YES_ERROR;
				CLANG_WARN_DOCUMENTATION_COMMENTS = YES;
				CLANG_WARN_EMPTY_BODY = YES;
				CLANG_WARN_ENUM_CONVERSION = YES;
				CLANG_WARN_INFINITE_RECURSION = YES;
				CLANG_WARN_INT_CONVERSION = YES;
				CLANG_WARN_NON_LITERAL_NULL_CONVERSION = YES;
				CLANG_WARN_OBJC_IMPLICIT_RETAIN_SELF = YES;
				CLANG_WARN_OBJC_LITERAL_CONVERSION = YES;
				CLANG_WARN_OBJC_ROOT_CLASS = YES_ERROR;
				CLANG_WARN_QUOTED_INCLUDE_IN_FRAMEWORK_HEADER = YES;
				CLANG_WARN_RANGE_LOOP_ANALYSIS = YES;
				CLANG_WARN_STRICT_PROTOTYPES = YES;
				CLANG_WARN_SUSPICIOUS_MOVE = YES;
				CLANG_WARN_UNGUARDED_AVAILABILITY = YES_AGGRESSIVE;
				CLANG_WARN_UNREACHABLE_CODE = YES;
				CLANG_WARN__DUPLICATE_METHOD_MATCH = YES;
				COPY_PHASE_STRIP = NO;
				DEBUG_INFORMATION_FORMAT = dwarf;
				ENABLE_STRICT_OBJC_MSGSEND = YES;
				ENABLE_TESTABILITY = YES;
				GCC_C_LANGUAGE_STANDARD = gnu11;
				GCC_DYNAMIC_NO_PIC = NO;
				GCC_NO_COMMON_BLOCKS = YES;
				GCC_OPTIMIZATION_LEVEL = 0;
				GCC_PREPROCESSOR_DEFINITIONS = (
					"DEBUG=1",
					"$(inherited)",
				);
				GCC_WARN_64_TO_32_BIT_CONVERSION = YES;
				GCC_WARN_ABOUT_RETURN_TYPE = YES_ERROR;
				GCC_WARN_UNDECLARED_SELECTOR = YES;
				GCC_WARN_UNINITIALIZED_AUTOS = YES_AGGRESSIVE;
				GCC_WARN_UNUSED_FUNCTION = YES;
				GCC_WARN_UNUSED_VARIABLE = YES;
				IPHONEOS_DEPLOYMENT_TARGET = 14.3;
				MTL_ENABLE_DEBUG_INFO = INCLUDE_SOURCE;
				MTL_FAST_MATH = YES;
				ONLY_ACTIVE_ARCH = YES;
				SDKROOT = iphoneos;
				SWIFT_ACTIVE_COMPILATION_CONDITIONS = DEBUG;
				SWIFT_OPTIMIZATION_LEVEL = "-Onone";
			};
			name = Debug;
		};
		6CF9FBF825F4F68E007DD577 /* Release */ = {
			isa = XCBuildConfiguration;
			buildSettings = {
				ALWAYS_SEARCH_USER_PATHS = NO;
				CLANG_ANALYZER_NONNULL = YES;
				CLANG_ANALYZER_NUMBER_OBJECT_CONVERSION = YES_AGGRESSIVE;
				CLANG_CXX_LANGUAGE_STANDARD = "gnu++14";
				CLANG_CXX_LIBRARY = "libc++";
				CLANG_ENABLE_MODULES = YES;
				CLANG_ENABLE_OBJC_ARC = YES;
				CLANG_ENABLE_OBJC_WEAK = YES;
				CLANG_WARN_BLOCK_CAPTURE_AUTORELEASING = YES;
				CLANG_WARN_BOOL_CONVERSION = YES;
				CLANG_WARN_COMMA = YES;
				CLANG_WARN_CONSTANT_CONVERSION = YES;
				CLANG_WARN_DEPRECATED_OBJC_IMPLEMENTATIONS = YES;
				CLANG_WARN_DIRECT_OBJC_ISA_USAGE = YES_ERROR;
				CLANG_WARN_DOCUMENTATION_COMMENTS = YES;
				CLANG_WARN_EMPTY_BODY = YES;
				CLANG_WARN_ENUM_CONVERSION = YES;
				CLANG_WARN_INFINITE_RECURSION = YES;
				CLANG_WARN_INT_CONVERSION = YES;
				CLANG_WARN_NON_LITERAL_NULL_CONVERSION = YES;
				CLANG_WARN_OBJC_IMPLICIT_RETAIN_SELF = YES;
				CLANG_WARN_OBJC_LITERAL_CONVERSION = YES;
				CLANG_WARN_OBJC_ROOT_CLASS = YES_ERROR;
				CLANG_WARN_QUOTED_INCLUDE_IN_FRAMEWORK_HEADER = YES;
				CLANG_WARN_RANGE_LOOP_ANALYSIS = YES;
				CLANG_WARN_STRICT_PROTOTYPES = YES;
				CLANG_WARN_SUSPICIOUS_MOVE = YES;
				CLANG_WARN_UNGUARDED_AVAILABILITY = YES_AGGRESSIVE;
				CLANG_WARN_UNREACHABLE_CODE = YES;
				CLANG_WARN__DUPLICATE_METHOD_MATCH = YES;
				COPY_PHASE_STRIP = NO;
				DEBUG_INFORMATION_FORMAT = "dwarf-with-dsym";
				ENABLE_NS_ASSERTIONS = NO;
				ENABLE_STRICT_OBJC_MSGSEND = YES;
				GCC_C_LANGUAGE_STANDARD = gnu11;
				GCC_NO_COMMON_BLOCKS = YES;
				GCC_WARN_64_TO_32_BIT_CONVERSION = YES;
				GCC_WARN_ABOUT_RETURN_TYPE = YES_ERROR;
				GCC_WARN_UNDECLARED_SELECTOR = YES;
				GCC_WARN_UNINITIALIZED_AUTOS = YES_AGGRESSIVE;
				GCC_WARN_UNUSED_FUNCTION = YES;
				GCC_WARN_UNUSED_VARIABLE = YES;
				IPHONEOS_DEPLOYMENT_TARGET = 14.3;
				MTL_ENABLE_DEBUG_INFO = NO;
				MTL_FAST_MATH = YES;
				SDKROOT = iphoneos;
				SWIFT_COMPILATION_MODE = wholemodule;
				SWIFT_OPTIMIZATION_LEVEL = "-O";
				VALIDATE_PRODUCT = YES;
			};
			name = Release;
		};
		6CF9FBFA25F4F68E007DD577 /* Debug */ = {
			isa = XCBuildConfiguration;
			buildSettings = {
				ASSETCATALOG_COMPILER_APPICON_NAME = AppIcon;
				ASSETCATALOG_COMPILER_GLOBAL_ACCENT_COLOR_NAME = AccentColor;
				CODE_SIGN_STYLE = Automatic;
				DEVELOPMENT_ASSET_PATHS = "\"SwiftUI_TabView_TUT/Preview Content\"";
				DEVELOPMENT_TEAM = 4WVK4KG35K;
				ENABLE_PREVIEWS = YES;
				INFOPLIST_FILE = SwiftUI_TabView_TUT/Info.plist;
				IPHONEOS_DEPLOYMENT_TARGET = 14.0;
				LD_RUNPATH_SEARCH_PATHS = (
					"$(inherited)",
					"@executable_path/Frameworks",
				);
				PRODUCT_BUNDLE_IDENTIFIER = "com.seonjung.SwiftUI-TabView-TUT";
				PRODUCT_NAME = "$(TARGET_NAME)";
				SWIFT_VERSION = 5.0;
				TARGETED_DEVICE_FAMILY = "1,2";
			};
			name = Debug;
		};
		6CF9FBFB25F4F68E007DD577 /* Release */ = {
			isa = XCBuildConfiguration;
			buildSettings = {
				ASSETCATALOG_COMPILER_APPICON_NAME = AppIcon;
				ASSETCATALOG_COMPILER_GLOBAL_ACCENT_COLOR_NAME = AccentColor;
				CODE_SIGN_STYLE = Automatic;
				DEVELOPMENT_ASSET_PATHS = "\"SwiftUI_TabView_TUT/Preview Content\"";
				DEVELOPMENT_TEAM = 4WVK4KG35K;
				ENABLE_PREVIEWS = YES;
				INFOPLIST_FILE = SwiftUI_TabView_TUT/Info.plist;
				IPHONEOS_DEPLOYMENT_TARGET = 14.0;
				LD_RUNPATH_SEARCH_PATHS = (
					"$(inherited)",
					"@executable_path/Frameworks",
				);
				PRODUCT_BUNDLE_IDENTIFIER = "com.seonjung.SwiftUI-TabView-TUT";
				PRODUCT_NAME = "$(TARGET_NAME)";
				SWIFT_VERSION = 5.0;
				TARGETED_DEVICE_FAMILY = "1,2";
			};
			name = Release;
		};
/* End XCBuildConfiguration section */

/* Begin XCConfigurationList section */
		6CF9FBE525F4F688007DD577 /* Build configuration list for PBXProject "SwiftUI_TabView_TUT" */ = {
			isa = XCConfigurationList;
			buildConfigurations = (
				6CF9FBF725F4F68E007DD577 /* Debug */,
				6CF9FBF825F4F68E007DD577 /* Release */,
			);
			defaultConfigurationIsVisible = 0;
			defaultConfigurationName = Release;
		};
		6CF9FBF925F4F68E007DD577 /* Build configuration list for PBXNativeTarget "SwiftUI_TabView_TUT" */ = {
			isa = XCConfigurationList;
			buildConfigurations = (
				6CF9FBFA25F4F68E007DD577 /* Debug */,
				6CF9FBFB25F4F68E007DD577 /* Release */,
			);
			defaultConfigurationIsVisible = 0;
			defaultConfigurationName = Release;
		};
/* End XCConfigurationList section */
	};
	rootObject = 6CF9FBE225F4F688007DD577 /* Project object */;
}
